
Microsoft Visual Studio Solution File, Format Version 12.00
# Visual Studio Version 17
VisualStudioVersion = 17.1.31911.260
MinimumVisualStudioVersion = 10.0.40219.1
Project("{9A19103F-16F7-4668-BE54-9A1E7A4F7556}") = "FightGame", "FightGame\FightGame.csproj", "{FE67A168-42EC-4F26-A315-49CEEDE6CF58}"
EndProject
Project("{9A19103F-16F7-4668-BE54-9A1E7A4F7556}") = "BlazorGameFramework", "BlazorGameFramework\BlazorGameFramework.csproj", "{CDB7EFDE-584F-4D53-AD2B-C37A21D8CF77}"
EndProject
Project("{FAE04EC0-301F-11D3-BF4B-00C04F79EFBC}") = "AntDesignGame", "AntDesignGame\AntDesignGame.csproj", "{66C456CE-72C6-423A-8474-6B35B2DF960A}"
EndProject
Project("{FAE04EC0-301F-11D3-BF4B-00C04F79EFBC}") = "AntDesignGameFramework", "AntDesignGameFramework\AntDesignGameFramework.csproj", "{B3786B2B-E2DB-43A3-932A-80DCC9FC2E1F}"
EndProject
Global
	GlobalSection(SolutionConfigurationPlatforms) = preSolution
		Debug|Any CPU = Debug|Any CPU
		Release|Any CPU = Release|Any CPU
	EndGlobalSection
	GlobalSection(ProjectConfigurationPlatforms) = postSolution
		{FE67A168-42EC-4F26-A315-49CEEDE6CF58}.Debug|Any CPU.ActiveCfg = Debug|Any CPU
		{FE67A168-42EC-4F26-A315-49CEEDE6CF58}.Debug|Any CPU.Build.0 = Debug|Any CPU
		{FE67A168-42EC-4F26-A315-49CEEDE6CF58}.Release|Any CPU.ActiveCfg = Release|Any CPU
		{FE67A168-42EC-4F26-A315-49CEEDE6CF58}.Release|Any CPU.Build.0 = Release|Any CPU
		{CDB7EFDE-584F-4D53-AD2B-C37A21D8CF77}.Debug|Any CPU.ActiveCfg = Debug|Any CPU
		{CDB7EFDE-584F-4D53-AD2B-C37A21D8CF77}.Debug|Any CPU.Build.0 = Debug|Any CPU
		{CDB7EFDE-584F-4D53-AD2B-C37A21D8CF77}.Release|Any CPU.ActiveCfg = Release|Any CPU
		{CDB7EFDE-584F-4D53-AD2B-C37A21D8CF77}.Release|Any CPU.Build.0 = Release|Any CPU
		{66C456CE-72C6-423A-8474-6B35B2DF960A}.Debug|Any CPU.ActiveCfg = Debug|Any CPU
		{66C456CE-72C6-423A-8474-6B35B2DF960A}.Debug|Any CPU.Build.0 = Debug|Any CPU
		{66C456CE-72C6-423A-8474-6B35B2DF960A}.Release|Any CPU.ActiveCfg = Release|Any CPU
		{66C456CE-72C6-423A-8474-6B35B2DF960A}.Release|Any CPU.Build.0 = Release|Any CPU
		{B3786B2B-E2DB-43A3-932A-80DCC9FC2E1F}.Debug|Any CPU.ActiveCfg = Debug|Any CPU
		{B3786B2B-E2DB-43A3-932A-80DCC9FC2E1F}.Debug|Any CPU.Build.0 = Debug|Any CPU
		{B3786B2B-E2DB-43A3-932A-80DCC9FC2E1F}.Release|Any CPU.ActiveCfg = Release|Any CPU
		{B3786B2B-E2DB-43A3-932A-80DCC9FC2E1F}.Release|Any CPU.Build.0 = Release|Any CPU
	EndGlobalSection
	GlobalSection(SolutionProperties) = preSolution
		HideSolutionNode = FALSE
	EndGlobalSection
	GlobalSection(ExtensibilityGlobals) = postSolution
		SolutionGuid = {D6D3FF2C-322B-4130-BCE3-6EB14C63C3D7}
	EndGlobalSection
EndGlobal
